{
  "name": "@sasjs/core",
  "version": "1.0.0",
  "lockfileVersion": 2,
  "requires": true,
  "packages": {
    "": {
      "name": "@sasjs/core",
      "version": "1.0.0",
      "license": "MIT",
      "dependencies": {
        "@sasjs/core": "^2.2.1"
      }
    },
    "node_modules/@sasjs/core": {
      "version": "2.2.1",
      "resolved": "https://registry.npmjs.org/@sasjs/core/-/core-2.2.1.tgz",
      "integrity": "sha512-CLICF0+ZUorKXct+4eU4ij1D5JCt4FZLwIyrUmfIA55XZJZxerS8pffh8BvXNi0x8MvtfKM12MCrpbtWTaX+Mw=="
    }
  },
  "dependencies": {
    "@sasjs/core": {
      "version": "2.2.1",
      "resolved": "https://registry.npmjs.org/@sasjs/core/-/core-2.2.1.tgz",
      "integrity": "sha512-CLICF0+ZUorKXct+4eU4ij1D5JCt4FZLwIyrUmfIA55XZJZxerS8pffh8BvXNi0x8MvtfKM12MCrpbtWTaX+Mw=="
    }
  }
}
