{
  "name": "@sasjs/core",
  "lockfileVersion": 3,
  "requires": true,
  "packages": {
    "": {
      "name": "@sasjs/core",
      "license": "MIT",
      "devDependencies": {
        "@nogoo9/gitleaks": "8.30.1-post.2"
      }
    },
    "node_modules/@nogoo9/gitleaks": {
      "version": "8.30.1-post.2",
      "resolved": "https://registry.npmjs.org/@nogoo9/gitleaks/-/gitleaks-8.30.1-post.2.tgz",
      "integrity": "sha512-WkQPfryKH8w9DEqJ1Bxw3ex9aXl0M8cxDDt1ATvyieaMvWiGamGXHNLZaJeqECInVfxNPEiZA4Few8Uwtuj1wQ==",
      "dev": true,
      "license": "MIT",
      "bin": {
        "gitleaks": "src/index.js"
      },
      "engines": {
        "node": ">=18"
      },
      "optionalDependencies": {
        "@nogoo9/gitleaks-darwin-arm64": "8.30.1-post.2",
        "@nogoo9/gitleaks-darwin-x64": "8.30.1-post.2",
        "@nogoo9/gitleaks-linux-arm": "8.30.1-post.2",
        "@nogoo9/gitleaks-linux-arm64": "8.30.1-post.2",
        "@nogoo9/gitleaks-linux-x32": "8.30.1-post.2",
        "@nogoo9/gitleaks-linux-x64": "8.30.1-post.2",
        "@nogoo9/gitleaks-windows-arm64": "8.30.1-post.2",
        "@nogoo9/gitleaks-windows-x32": "8.30.1-post.2",
        "@nogoo9/gitleaks-windows-x64": "8.30.1-post.2"
      }
    },
    "node_modules/@nogoo9/gitleaks-darwin-arm64": {
      "version": "8.30.1-post.2",
      "resolved": "https://registry.npmjs.org/@nogoo9/gitleaks-darwin-arm64/-/gitleaks-darwin-arm64-8.30.1-post.2.tgz",
      "integrity": "sha512-3j1zSvCKY7N4RnSl+oJrnrLZAY6HihD3uyi32qYrdIXH5hgVjmKiJhvGyoaV7DNw/4NdN3UsadrTM1u5M7iCuw==",
      "cpu": [
        "arm64"
      ],
      "dev": true,
      "license": "MIT",
      "optional": true,
      "os": [
        "darwin"
      ]
    },
    "node_modules/@nogoo9/gitleaks-darwin-x64": {
      "version": "8.30.1-post.2",
      "resolved": "https://registry.npmjs.org/@nogoo9/gitleaks-darwin-x64/-/gitleaks-darwin-x64-8.30.1-post.2.tgz",
      "integrity": "sha512-EbWRmrWdwRtzfO4ivYXA2ZKcf4aqVZFGQVu2HJjCFjRNryyMfou4Hw3tdZc5tRbdSE0yiwaAXJ8lPazApd3iGQ==",
      "cpu": [
        "x64"
      ],
      "dev": true,
      "license": "MIT",
      "optional": true,
      "os": [
        "darwin"
      ]
    },
    "node_modules/@nogoo9/gitleaks-linux-arm": {
      "version": "8.30.1-post.2",
      "resolved": "https://registry.npmjs.org/@nogoo9/gitleaks-linux-arm/-/gitleaks-linux-arm-8.30.1-post.2.tgz",
      "integrity": "sha512-a5aZc5WQnBmNz5CCOPd0MT75csSBUEYMEVIHR6p56TOt4lj8h+IeQ5VTKG+f9j9nU+hmG2e//j4hLcbZZkCspw==",
      "cpu": [
        "arm"
      ],
      "dev": true,
      "license": "MIT",
      "optional": true,
      "os": [
        "linux"
      ]
    },
    "node_modules/@nogoo9/gitleaks-linux-arm64": {
      "version": "8.30.1-post.2",
      "resolved": "https://registry.npmjs.org/@nogoo9/gitleaks-linux-arm64/-/gitleaks-linux-arm64-8.30.1-post.2.tgz",
      "integrity": "sha512-XJzvhOEsqr6nJrBuLzDb+qBfdLjssKv/7gqQNhojd8LPM0/aEiC380kYuM9mFCXF3o3PpD4IXv/Jvemw5JJQGA==",
      "cpu": [
        "arm64"
      ],
      "dev": true,
      "license": "MIT",
      "optional": true,
      "os": [
        "linux"
      ]
    },
    "node_modules/@nogoo9/gitleaks-linux-x32": {
      "version": "8.30.1-post.2",
      "resolved": "https://registry.npmjs.org/@nogoo9/gitleaks-linux-x32/-/gitleaks-linux-x32-8.30.1-post.2.tgz",
      "integrity": "sha512-d20jRC6HCzc9J79Ti8JHFc3X3iJktF78NaUEg0EPGLHRsVpxVObtiCQAJzCgH0uXNMOVFrnsf/+dSDFwjTLU9Q==",
      "cpu": [
        "ia32"
      ],
      "dev": true,
      "license": "MIT",
      "optional": true,
      "os": [
        "linux"
      ]
    },
    "node_modules/@nogoo9/gitleaks-linux-x64": {
      "version": "8.30.1-post.2",
      "resolved": "https://registry.npmjs.org/@nogoo9/gitleaks-linux-x64/-/gitleaks-linux-x64-8.30.1-post.2.tgz",
      "integrity": "sha512-GSJ7RU0xuaF9Blf2AmDeytxyiZb4W7/Urd5Cw5LlNK+IF/C+Nd/Fp5pKbaAF4osdxADbCZ7d4XMYUMSdlpjQFA==",
      "cpu": [
        "x64"
      ],
      "dev": true,
      "license": "MIT",
      "optional": true,
      "os": [
        "linux"
      ]
    },
    "node_modules/@nogoo9/gitleaks-windows-arm64": {
      "version": "8.30.1-post.2",
      "resolved": "https://registry.npmjs.org/@nogoo9/gitleaks-windows-arm64/-/gitleaks-windows-arm64-8.30.1-post.2.tgz",
      "integrity": "sha512-cTu+rMASv3BuNJcPj57PhfiOHwapmOVH6s5PFBqAXzJomUnHdB/ZMrTDNseW78UZQQ/c0RPI3VXwieyMC23w7w==",
      "cpu": [
        "arm64"
      ],
      "dev": true,
      "license": "MIT",
      "optional": true,
      "os": [
        "win32"
      ]
    },
    "node_modules/@nogoo9/gitleaks-windows-x32": {
      "version": "8.30.1-post.2",
      "resolved": "https://registry.npmjs.org/@nogoo9/gitleaks-windows-x32/-/gitleaks-windows-x32-8.30.1-post.2.tgz",
      "integrity": "sha512-MGMtKVEOf0TsXIGBu/1eGb94mAZRX2rzZmgNRYqzZBSYPnmyl3w1n4tic9e6rPOewyGfuxnweCDnu0Lu/qkaaw==",
      "cpu": [
        "ia32"
      ],
      "dev": true,
      "license": "MIT",
      "optional": true,
      "os": [
        "win32"
      ]
    },
    "node_modules/@nogoo9/gitleaks-windows-x64": {
      "version": "8.30.1-post.2",
      "resolved": "https://registry.npmjs.org/@nogoo9/gitleaks-windows-x64/-/gitleaks-windows-x64-8.30.1-post.2.tgz",
      "integrity": "sha512-whDUUm3+J5YRQUJS0mcE72JaPb2N0Njmjaj6NYTcG1OJS3v42Y/JYen6R9FuQ5jUCfsVGcblmSBmDb9uZVdwrw==",
      "cpu": [
        "x64"
      ],
      "dev": true,
      "license": "MIT",
      "optional": true,
      "os": [
        "win32"
      ]
    }
  }
}
